
Microsoft Visual Studio Solution File, Format Version 11.00
# Visual Studio 2010
Project("{FAE04EC0-301F-11D3-BF4B-00C04F79EFBC}") = "networkplugin-csharp", "networkplugin-csharp\networkplugin-csharp.csproj", "{8C94536D-B605-483B-8651-FE280FA1753C}"
EndProject
Project("{FAE04EC0-301F-11D3-BF4B-00C04F79EFBC}") = "networkplugin-demo", "networkplugin-demo\networkplugin-demo.csproj", "{0DDA20C1-041D-4C4E-8C5B-AA51711B02F1}"
EndProject
Project("{FAE04EC0-301F-11D3-BF4B-00C04F79EFBC}") = "msnp-sharp-backend", "msnp-sharp-backend\msnp-sharp-backend.csproj", "{11AFCA8C-DB36-4607-9EF5-DF6FEF592B0A}"
EndProject
Global
	GlobalSection(SolutionConfigurationPlatforms) = preSolution
		Debug|Any CPU = Debug|Any CPU
		Debug|x86 = Debug|x86
		Release|Any CPU = Release|Any CPU
		Release|x86 = Release|x86
	EndGlobalSection
	GlobalSection(ProjectConfigurationPlatforms) = postSolution
		{8C94536D-B605-483B-8651-FE280FA1753C}.Debug|Any CPU.ActiveCfg = Debug|x86
		{8C94536D-B605-483B-8651-FE280FA1753C}.Debug|x86.ActiveCfg = Debug|x86
		{8C94536D-B605-483B-8651-FE280FA1753C}.Debug|x86.Build.0 = Debug|x86
		{8C94536D-B605-483B-8651-FE280FA1753C}.Release|Any CPU.ActiveCfg = Release|x86
		{8C94536D-B605-483B-8651-FE280FA1753C}.Release|x86.ActiveCfg = Release|x86
		{8C94536D-B605-483B-8651-FE280FA1753C}.Release|x86.Build.0 = Release|x86
		{0DDA20C1-041D-4C4E-8C5B-AA51711B02F1}.Debug|Any CPU.ActiveCfg = Debug|x86
		{0DDA20C1-041D-4C4E-8C5B-AA51711B02F1}.Debug|x86.ActiveCfg = Debug|x86
		{0DDA20C1-041D-4C4E-8C5B-AA51711B02F1}.Debug|x86.Build.0 = Debug|x86
		{0DDA20C1-041D-4C4E-8C5B-AA51711B02F1}.Release|Any CPU.ActiveCfg = Release|x86
		{0DDA20C1-041D-4C4E-8C5B-AA51711B02F1}.Release|x86.ActiveCfg = Release|x86
		{0DDA20C1-041D-4C4E-8C5B-AA51711B02F1}.Release|x86.Build.0 = Release|x86
		{11AFCA8C-DB36-4607-9EF5-DF6FEF592B0A}.Debug|Any CPU.ActiveCfg = Debug|Any CPU
		{11AFCA8C-DB36-4607-9EF5-DF6FEF592B0A}.Debug|Any CPU.Build.0 = Debug|Any CPU
		{11AFCA8C-DB36-4607-9EF5-DF6FEF592B0A}.Debug|x86.ActiveCfg = Debug|x86
		{11AFCA8C-DB36-4607-9EF5-DF6FEF592B0A}.Debug|x86.Build.0 = Debug|x86
		{11AFCA8C-DB36-4607-9EF5-DF6FEF592B0A}.Release|Any CPU.ActiveCfg = Release|Any CPU
		{11AFCA8C-DB36-4607-9EF5-DF6FEF592B0A}.Release|Any CPU.Build.0 = Release|Any CPU
		{11AFCA8C-DB36-4607-9EF5-DF6FEF592B0A}.Release|x86.ActiveCfg = Release|x86
		{11AFCA8C-DB36-4607-9EF5-DF6FEF592B0A}.Release|x86.Build.0 = Release|x86
	EndGlobalSection
	GlobalSection(SolutionProperties) = preSolution
		HideSolutionNode = FALSE
	EndGlobalSection
EndGlobal
